lockfileVersion: '6.0'

settings:
  autoInstallPeers: true
  excludeLinksFromLockfile: false

dependencies:
  sass-embedded:
    specifier: ^1.70.0
    version: 1.70.0

packages:

  /@bufbuild/protobuf@1.7.2:
    resolution: {integrity: sha512-i5GE2Dk5ekdlK1TR7SugY4LWRrKSfb5T1Qn4unpIMbfxoeGKERKQ59HG3iYewacGD10SR7UzevfPnh6my4tNmQ==}
    dev: false

  /buffer-builder@0.2.0:
    resolution: {integrity: sha512-7VPMEPuYznPSoR21NE1zvd2Xna6c/CloiZCfcMXR1Jny6PjX0N4Nsa38zcBFo/FMK+BlA+FLKbJCQ0i2yxp+Xg==}
    dev: false

  /has-flag@4.0.0:
    resolution: {integrity: sha512-EykJT/Q1KjTWctppgIAgfSO0tKVuZUjhgMr17kqTumMl6Afv3EISleU7qZUzoXDFTAHTDC4NOoG/ZxU3EvlMPQ==}
    engines: {node: '>=8'}
    dev: false

  /immutable@4.3.5:
    resolution: {integrity: sha512-8eabxkth9gZatlwl5TBuJnCsoTADlL6ftEr7A4qgdaTsPyreilDSnUk57SO+jfKcNtxPa22U5KK6DSeAYhpBJw==}
    dev: false

  /rxjs@7.8.1:
    resolution: {integrity: sha512-AA3TVj+0A2iuIoQkWEK/tqFjBq2j+6PO6Y0zJcvzLAFhEFIO3HL0vls9hWLncZbAAbK0mar7oZ4V079I/qPMxg==}
    dependencies:
      tslib: 2.6.2
    dev: false

  /sass-embedded-android-arm64@1.70.0:
    resolution: {integrity: sha512-vMr7fruLUv/VvF7CPVF1z7Bc28a8K9Ps5nyN3UatOj+irxN1LbZIbeQua6neX2eFUsXvcg7hLZwvV3+T96Fhrw==}
    engines: {node: '>=14.0.0'}
    cpu: [arm64]
    os: [android]
    hasBin: true
    requiresBuild: true
    dev: false
    optional: true

  /sass-embedded-android-arm@1.70.0:
    resolution: {integrity: sha512-Vog4Z+tsDYGv7m9sZisr/P6KvqDioCMu0cinexdnXhHXReo+X6CFe79yv/zA/Xfq5HtAAmFjGD6CO/nTjoydtw==}
    engines: {node: '>=14.0.0'}
    cpu: [arm]
    os: [android]
    hasBin: true
    requiresBuild: true
    dev: false
    optional: true

  /sass-embedded-android-ia32@1.70.0:
    resolution: {integrity: sha512-RWEJ7sBGBCd101oSBPuePPU8yXb1iB/ME4sRhgI5xjjyIsldiuvX48saW25u1ZqCo2AVA0BTXfWpNJnhKB3b4Q==}
    engines: {node: '>=14.0.0'}
    cpu: [ia32]
    os: [android]
    hasBin: true
    requiresBuild: true
    dev: false
    optional: true

  /sass-embedded-android-x64@1.70.0:
    resolution: {integrity: sha512-u+ijV6AQR/84kjjGb3mp0aibPiXkFKqfmHxqYBMN7h2xV7EM70Yz054nVifaBr8nfC0E8aT/DurSI4nkkQ6Uvg==}
    engines: {node: '>=14.0.0'}
    cpu: [x64]
    os: [android]
    hasBin: true
    requiresBuild: true
    dev: false
    optional: true

  /sass-embedded-darwin-arm64@1.70.0:
    resolution: {integrity: sha512-qMs08h0nwRA1B/Ieakcg/Y6lcCEnuBnPTNEkFkBlnfj3PFVPTb50wQvDr9JLpcjXWznlBxyFrz1nZM+pXDix7Q==}
    engines: {node: '>=14.0.0'}
    cpu: [arm64]
    os: [darwin]
    hasBin: true
    requiresBuild: true
    dev: false
    optional: true

  /sass-embedded-darwin-x64@1.70.0:
    resolution: {integrity: sha512-Vf8UQY3IBmsaz9L5DeJDjn19N//1n3rTquH69x29zPCd3zF2gnay38atxIZ+6h7VsZT3C6evm0y58JUJDWN1CA==}
    engines: {node: '>=14.0.0'}
    cpu: [x64]
    os: [darwin]
    hasBin: true
    requiresBuild: true
    dev: false
    optional: true

  /sass-embedded-linux-arm64@1.70.0:
    resolution: {integrity: sha512-PzhBg5xlyXcZ8FgyjqAcVtfaq462l3KeEid2OxrsOzBQgdgJb0La1tAEOpP9jz7YOOTr9A96vm609W9fRLI2Iw==}
    engines: {node: '>=14.0.0'}
    cpu: [arm64]
    os: [linux]
    hasBin: true
    requiresBuild: true
    dev: false
    optional: true

  /sass-embedded-linux-arm@1.70.0:
    resolution: {integrity: sha512-U9e+k0XHwubeSIwsBYTNrTVH+0zF/ErSfuHfgTfuvlcKlhoGtFgAb7W8Qfe9FDF6TYTt0fJAJhSV2MdoExsgRA==}
    engines: {node: '>=14.0.0'}
    cpu: [arm]
    os: [linux]
    hasBin: true
    requiresBuild: true
    dev: false
    optional: true

  /sass-embedded-linux-ia32@1.70.0:
    resolution: {integrity: sha512-UOxTJywQRC/HzFQthlyNWJ07MX8EzKuTgH0N5T3XyXQTNuGeJQ8EPWY9fv1weLCjydVOEwm853F3djtUNmkCtg==}
    engines: {node: '>=14.0.0'}
    cpu: [ia32]
    os: [linux]
    hasBin: true
    requiresBuild: true
    dev: false
    optional: true

  /sass-embedded-linux-musl-arm64@1.70.0:
    resolution: {integrity: sha512-DJl1AV9W7T3SHzXFqAtyjPZy4O2g4AC6QctY5/aM42DTY/xpWOmwUBgsDzDoRbNqP7qDl+GtHLlggrLWCBP9fg==}
    engines: {node: '>=14.0.0'}
    cpu: [arm64]
    os: [linux]
    requiresBuild: true
    dev: false
    optional: true

  /sass-embedded-linux-musl-arm@1.70.0:
    resolution: {integrity: sha512-8zudDFpAoNrQDujNYBKkq8nwl4i0jMmXcysO9Ou0llrzdY7Keok2z1aS3IbZy7AvUXtGaeYSHUi5lXdOalJ/QQ==}
    engines: {node: '>=14.0.0'}
    cpu: [arm]
    os: [linux]
    requiresBuild: true
    dev: false
    optional: true

  /sass-embedded-linux-musl-ia32@1.70.0:
    resolution: {integrity: sha512-CcAvT3KPc7cCJfTu1E0HzsAjE/dPQsKaXQD/nsBXNZo081R+lLR2u22wpXM2pnzMNJETRV/pDwozHoYEcPkPqQ==}
    engines: {node: '>=14.0.0'}
    cpu: [ia32]
    os: [linux]
    requiresBuild: true
    dev: false
    optional: true

  /sass-embedded-linux-musl-x64@1.70.0:
    resolution: {integrity: sha512-g3i9PKmqTxuyrM1Yeju1s4Fj6fzAGyyfzw/LiZZtq0ZZGhJXJMVvEDog/OxQ37eYxWqq9XHFTW2PphMvukVK0g==}
    engines: {node: '>=14.0.0'}
    cpu: [x64]
    os: [linux]
    requiresBuild: true
    dev: false
    optional: true

  /sass-embedded-linux-x64@1.70.0:
    resolution: {integrity: sha512-F9F2CA7C6z/ROfF0U/jtYWknbDe9S/TJoCJ5TlHafwS+SrZE1A+Czf2MWJ+8mc2NFiRjYzYxt4Ad29cuc6rrhw==}
    engines: {node: '>=14.0.0'}
    cpu: [x64]
    os: [linux]
    hasBin: true
    requiresBuild: true
    dev: false
    optional: true

  /sass-embedded-win32-ia32@1.70.0:
    resolution: {integrity: sha512-TITx2QwJouhMwA0CAjCmnTNeCDL9g2fkLe9z+5rf39OdmcX9CEBrY4CNaO5REnMpgoa+o82u272ZR3oWrsUs8Q==}
    engines: {node: '>=14.0.0'}
    cpu: [ia32]
    os: [win32]
    hasBin: true
    requiresBuild: true
    dev: false
    optional: true

  /sass-embedded-win32-x64@1.70.0:
    resolution: {integrity: sha512-rPe8WUdARhlfgIhGcCTGbTNgd6OppcmjtBrxUNoGs3AENSREQCpaNv5d+HBOMhGUfYgXIHUSiipilFUhLWpsrQ==}
    engines: {node: '>=14.0.0'}
    cpu: [arm64, x64]
    os: [win32]
    hasBin: true
    requiresBuild: true
    dev: false
    optional: true

  /sass-embedded@1.70.0:
    resolution: {integrity: sha512-1sVSh5MlSdktkwC2zG9WuaVR6j7AlDxadPmZBN0wP4GhznMQTvpwNIAFhAqgjwJYhwdWFOKEdIHSQK4V8K434Q==}
    engines: {node: '>=16.0.0'}
    dependencies:
      '@bufbuild/protobuf': 1.7.2
      buffer-builder: 0.2.0
      immutable: 4.3.5
      rxjs: 7.8.1
      supports-color: 8.1.1
      varint: 6.0.0
    optionalDependencies:
      sass-embedded-android-arm: 1.70.0
      sass-embedded-android-arm64: 1.70.0
      sass-embedded-android-ia32: 1.70.0
      sass-embedded-android-x64: 1.70.0
      sass-embedded-darwin-arm64: 1.70.0
      sass-embedded-darwin-x64: 1.70.0
      sass-embedded-linux-arm: 1.70.0
      sass-embedded-linux-arm64: 1.70.0
      sass-embedded-linux-ia32: 1.70.0
      sass-embedded-linux-musl-arm: 1.70.0
      sass-embedded-linux-musl-arm64: 1.70.0
      sass-embedded-linux-musl-ia32: 1.70.0
      sass-embedded-linux-musl-x64: 1.70.0
      sass-embedded-linux-x64: 1.70.0
      sass-embedded-win32-ia32: 1.70.0
      sass-embedded-win32-x64: 1.70.0
    dev: false

  /supports-color@8.1.1:
    resolution: {integrity: sha512-MpUEN2OodtUzxvKQl72cUF7RQ5EiHsGvSsVG0ia9c5RbWGL2CI4C7EpPS8UTBIplnlzZiNuV56w+FuNxy3ty2Q==}
    engines: {node: '>=10'}
    dependencies:
      has-flag: 4.0.0
    dev: false

  /tslib@2.6.2:
    resolution: {integrity: sha512-AEYxH93jGFPn/a2iVAwW87VuUIkR1FVUKB77NwMF7nBTDkDrrT/Hpt/IrCJ0QXhW27jTBDcf5ZY7w6RiqTMw2Q==}
    dev: false

  /varint@6.0.0:
    resolution: {integrity: sha512-cXEIW6cfr15lFv563k4GuVuW/fiwjknytD37jIOLSdSWuOI6WnO/oKwmP2FQTU2l01LP8/M5TSAJpzUaGe3uWg==}
    dev: false
